// !$*UTF8*$!
{
	archiveVersion = 1;
	classes = {
	};
	objectVersion = 56;
	objects = {

/* Begin PBXBuildFile section */
		E806D3652B8C589E00016130 /* TouchdownApp.swift in Sources */ = {isa = PBXBuildFile; fileRef = E806D3642B8C589E00016130 /* TouchdownApp.swift */; };
		E806D3672B8C589E00016130 /* ContentView.swift in Sources */ = {isa = PBXBuildFile; fileRef = E806D3662B8C589E00016130 /* ContentView.swift */; };
		E806D3692B8C58A000016130 /* Assets.xcassets in Resources */ = {isa = PBXBuildFile; fileRef = E806D3682B8C58A000016130 /* Assets.xcassets */; };
		E806D36C2B8C58A000016130 /* Preview Assets.xcassets in Resources */ = {isa = PBXBuildFile; fileRef = E806D36B2B8C58A000016130 /* Preview Assets.xcassets */; };
		E806D3762B8C593A00016130 /* category.json in Resources */ = {isa = PBXBuildFile; fileRef = E806D3722B8C593800016130 /* category.json */; };
		E806D3772B8C593A00016130 /* brand.json in Resources */ = {isa = PBXBuildFile; fileRef = E806D3732B8C593800016130 /* brand.json */; };
		E806D3782B8C593A00016130 /* player.json in Resources */ = {isa = PBXBuildFile; fileRef = E806D3742B8C593900016130 /* player.json */; };
		E806D3792B8C593A00016130 /* product.json in Resources */ = {isa = PBXBuildFile; fileRef = E806D3752B8C593900016130 /* product.json */; };
		E806D3842B8C5BB400016130 /* Constent.swift in Sources */ = {isa = PBXBuildFile; fileRef = E806D3832B8C5BB400016130 /* Constent.swift */; };
		E806D3862B8C5C5000016130 /* FooterView.swift in Sources */ = {isa = PBXBuildFile; fileRef = E806D3852B8C5C5000016130 /* FooterView.swift */; };
		E8D5094F2B8C79EE00056B35 /* NavigationBarView.swift in Sources */ = {isa = PBXBuildFile; fileRef = E8D5094E2B8C79EE00056B35 /* NavigationBarView.swift */; };
		E8D509512B8C89CE00056B35 /* LogoView.swift in Sources */ = {isa = PBXBuildFile; fileRef = E8D509502B8C89CE00056B35 /* LogoView.swift */; };
		E8D509532B8DA24300056B35 /* PlayerModel.swift in Sources */ = {isa = PBXBuildFile; fileRef = E8D509522B8DA24300056B35 /* PlayerModel.swift */; };
		E8D509552B8DA2A000056B35 /* CodableBundleExtension.swift in Sources */ = {isa = PBXBuildFile; fileRef = E8D509542B8DA2A000056B35 /* CodableBundleExtension.swift */; };
		E8D509572B8DA53800056B35 /* FeaturedItemView.swift in Sources */ = {isa = PBXBuildFile; fileRef = E8D509562B8DA53800056B35 /* FeaturedItemView.swift */; };
		E8D509592B8DA5DD00056B35 /* FeaturedTabView.swift in Sources */ = {isa = PBXBuildFile; fileRef = E8D509582B8DA5DD00056B35 /* FeaturedTabView.swift */; };
		E8D5095B2B8DB1B800056B35 /* CategoryModel.swift in Sources */ = {isa = PBXBuildFile; fileRef = E8D5095A2B8DB1B800056B35 /* CategoryModel.swift */; };
		E8D5095D2B8DBA4100056B35 /* CategoryItemView.swift in Sources */ = {isa = PBXBuildFile; fileRef = E8D5095C2B8DBA4100056B35 /* CategoryItemView.swift */; };
		E8D5095F2B8DBC3A00056B35 /* CategoryGridView.swift in Sources */ = {isa = PBXBuildFile; fileRef = E8D5095E2B8DBC3A00056B35 /* CategoryGridView.swift */; };
		E8D509612B8DBF7600056B35 /* SectionView.swift in Sources */ = {isa = PBXBuildFile; fileRef = E8D509602B8DBF7600056B35 /* SectionView.swift */; };
		E8D509632B8DC15200056B35 /* TitleView.swift in Sources */ = {isa = PBXBuildFile; fileRef = E8D509622B8DC15200056B35 /* TitleView.swift */; };
		E8D509652B8DC20F00056B35 /* ProductModel.swift in Sources */ = {isa = PBXBuildFile; fileRef = E8D509642B8DC20F00056B35 /* ProductModel.swift */; };
		E8D509672B8DC29A00056B35 /* ProductItemView.swift in Sources */ = {isa = PBXBuildFile; fileRef = E8D509662B8DC29A00056B35 /* ProductItemView.swift */; };
		E8D509692B8DD79C00056B35 /* BrandModel.swift in Sources */ = {isa = PBXBuildFile; fileRef = E8D509682B8DD79C00056B35 /* BrandModel.swift */; };
		E8D5096B2B8DD99800056B35 /* BrandItemView.swift in Sources */ = {isa = PBXBuildFile; fileRef = E8D5096A2B8DD99800056B35 /* BrandItemView.swift */; };
		E8D5096D2B8EFD5200056B35 /* BrandGridView.swift in Sources */ = {isa = PBXBuildFile; fileRef = E8D5096C2B8EFD5200056B35 /* BrandGridView.swift */; };
		E8D5096F2B8F02F000056B35 /* ProductDetailView.swift in Sources */ = {isa = PBXBuildFile; fileRef = E8D5096E2B8F02F000056B35 /* ProductDetailView.swift */; };
		E8D509712B8F058300056B35 /* NavigationBarDetailView.swift in Sources */ = {isa = PBXBuildFile; fileRef = E8D509702B8F058300056B35 /* NavigationBarDetailView.swift */; };
		E8D509732B8F06A300056B35 /* HeaderDetailView.swift in Sources */ = {isa = PBXBuildFile; fileRef = E8D509722B8F06A300056B35 /* HeaderDetailView.swift */; };
		E8D509752B8F0F2D00056B35 /* TopPartDetailView.swift in Sources */ = {isa = PBXBuildFile; fileRef = E8D509742B8F0F2D00056B35 /* TopPartDetailView.swift */; };
		E8D509772B8F12CA00056B35 /* CustomShape.swift in Sources */ = {isa = PBXBuildFile; fileRef = E8D509762B8F12CA00056B35 /* CustomShape.swift */; };
		E8D509792B8F143100056B35 /* RatingsSizesDetailView.swift in Sources */ = {isa = PBXBuildFile; fileRef = E8D509782B8F143100056B35 /* RatingsSizesDetailView.swift */; };
		E8D5097B2B8F21A200056B35 /* QuanityFavouriteDetailView.swift in Sources */ = {isa = PBXBuildFile; fileRef = E8D5097A2B8F21A200056B35 /* QuanityFavouriteDetailView.swift */; };
		E8D5097D2B8F266D00056B35 /* AddToCartDetailView.swift in Sources */ = {isa = PBXBuildFile; fileRef = E8D5097C2B8F266D00056B35 /* AddToCartDetailView.swift */; };
		E8D5097F2B8F2B4000056B35 /* Shop.swift in Sources */ = {isa = PBXBuildFile; fileRef = E8D5097E2B8F2B4000056B35 /* Shop.swift */; };
/* End PBXBuildFile section */

/* Begin PBXFileReference section */
		E806D3612B8C589E00016130 /* Touchdown.app */ = {isa = PBXFileReference; explicitFileType = wrapper.application; includeInIndex = 0; path = Touchdown.app; sourceTree = BUILT_PRODUCTS_DIR; };
		E806D3642B8C589E00016130 /* TouchdownApp.swift */ = {isa = PBXFileReference; lastKnownFileType = sourcecode.swift; path = TouchdownApp.swift; sourceTree = "<group>"; };
		E806D3662B8C589E00016130 /* ContentView.swift */ = {isa = PBXFileReference; lastKnownFileType = sourcecode.swift; path = ContentView.swift; sourceTree = "<group>"; };
		E806D3682B8C58A000016130 /* Assets.xcassets */ = {isa = PBXFileReference; lastKnownFileType = folder.assetcatalog; path = Assets.xcassets; sourceTree = "<group>"; };
		E806D36B2B8C58A000016130 /* Preview Assets.xcassets */ = {isa = PBXFileReference; lastKnownFileType = folder.assetcatalog; path = "Preview Assets.xcassets"; sourceTree = "<group>"; };
		E806D3722B8C593800016130 /* category.json */ = {isa = PBXFileReference; fileEncoding = 4; lastKnownFileType = text.json; path = category.json; sourceTree = "<group>"; };
		E806D3732B8C593800016130 /* brand.json */ = {isa = PBXFileReference; fileEncoding = 4; lastKnownFileType = text.json; path = brand.json; sourceTree = "<group>"; };
		E806D3742B8C593900016130 /* player.json */ = {isa = PBXFileReference; fileEncoding = 4; lastKnownFileType = text.json; path = player.json; sourceTree = "<group>"; };
		E806D3752B8C593900016130 /* product.json */ = {isa = PBXFileReference; fileEncoding = 4; lastKnownFileType = text.json; path = product.json; sourceTree = "<group>"; };
		E806D37B2B8C598700016130 /* Info.plist */ = {isa = PBXFileReference; lastKnownFileType = text.plist; path = Info.plist; sourceTree = "<group>"; };
		E806D3832B8C5BB400016130 /* Constent.swift */ = {isa = PBXFileReference; lastKnownFileType = sourcecode.swift; path = Constent.swift; sourceTree = "<group>"; };
		E806D3852B8C5C5000016130 /* FooterView.swift */ = {isa = PBXFileReference; lastKnownFileType = sourcecode.swift; path = FooterView.swift; sourceTree = "<group>"; };
		E8D5094E2B8C79EE00056B35 /* NavigationBarView.swift */ = {isa = PBXFileReference; lastKnownFileType = sourcecode.swift; path = NavigationBarView.swift; sourceTree = "<group>"; };
		E8D509502B8C89CE00056B35 /* LogoView.swift */ = {isa = PBXFileReference; lastKnownFileType = sourcecode.swift; path = LogoView.swift; sourceTree = "<group>"; };
		E8D509522B8DA24300056B35 /* PlayerModel.swift */ = {isa = PBXFileReference; lastKnownFileType = sourcecode.swift; path = PlayerModel.swift; sourceTree = "<group>"; };
		E8D509542B8DA2A000056B35 /* CodableBundleExtension.swift */ = {isa = PBXFileReference; lastKnownFileType = sourcecode.swift; path = CodableBundleExtension.swift; sourceTree = "<group>"; };
		E8D509562B8DA53800056B35 /* FeaturedItemView.swift */ = {isa = PBXFileReference; lastKnownFileType = sourcecode.swift; path = FeaturedItemView.swift; sourceTree = "<group>"; };
		E8D509582B8DA5DD00056B35 /* FeaturedTabView.swift */ = {isa = PBXFileReference; lastKnownFileType = sourcecode.swift; path = FeaturedTabView.swift; sourceTree = "<group>"; };
		E8D5095A2B8DB1B800056B35 /* CategoryModel.swift */ = {isa = PBXFileReference; lastKnownFileType = sourcecode.swift; path = CategoryModel.swift; sourceTree = "<group>"; };
		E8D5095C2B8DBA4100056B35 /* CategoryItemView.swift */ = {isa = PBXFileReference; lastKnownFileType = sourcecode.swift; path = CategoryItemView.swift; sourceTree = "<group>"; };
		E8D5095E2B8DBC3A00056B35 /* CategoryGridView.swift */ = {isa = PBXFileReference; lastKnownFileType = sourcecode.swift; path = CategoryGridView.swift; sourceTree = "<group>"; };
		E8D509602B8DBF7600056B35 /* SectionView.swift */ = {isa = PBXFileReference; lastKnownFileType = sourcecode.swift; path = SectionView.swift; sourceTree = "<group>"; };
		E8D509622B8DC15200056B35 /* TitleView.swift */ = {isa = PBXFileReference; lastKnownFileType = sourcecode.swift; path = TitleView.swift; sourceTree = "<group>"; };
		E8D509642B8DC20F00056B35 /* ProductModel.swift */ = {isa = PBXFileReference; lastKnownFileType = sourcecode.swift; path = ProductModel.swift; sourceTree = "<group>"; };
		E8D509662B8DC29A00056B35 /* ProductItemView.swift */ = {isa = PBXFileReference; lastKnownFileType = sourcecode.swift; path = ProductItemView.swift; sourceTree = "<group>"; };
		E8D509682B8DD79C00056B35 /* BrandModel.swift */ = {isa = PBXFileReference; lastKnownFileType = sourcecode.swift; path = BrandModel.swift; sourceTree = "<group>"; };
		E8D5096A2B8DD99800056B35 /* BrandItemView.swift */ = {isa = PBXFileReference; lastKnownFileType = sourcecode.swift; path = BrandItemView.swift; sourceTree = "<group>"; };
		E8D5096C2B8EFD5200056B35 /* BrandGridView.swift */ = {isa = PBXFileReference; lastKnownFileType = sourcecode.swift; path = BrandGridView.swift; sourceTree = "<group>"; };
		E8D5096E2B8F02F000056B35 /* ProductDetailView.swift */ = {isa = PBXFileReference; lastKnownFileType = sourcecode.swift; path = ProductDetailView.swift; sourceTree = "<group>"; };
		E8D509702B8F058300056B35 /* NavigationBarDetailView.swift */ = {isa = PBXFileReference; lastKnownFileType = sourcecode.swift; path = NavigationBarDetailView.swift; sourceTree = "<group>"; };
		E8D509722B8F06A300056B35 /* HeaderDetailView.swift */ = {isa = PBXFileReference; lastKnownFileType = sourcecode.swift; path = HeaderDetailView.swift; sourceTree = "<group>"; };
		E8D509742B8F0F2D00056B35 /* TopPartDetailView.swift */ = {isa = PBXFileReference; lastKnownFileType = sourcecode.swift; path = TopPartDetailView.swift; sourceTree = "<group>"; };
		E8D509762B8F12CA00056B35 /* CustomShape.swift */ = {isa = PBXFileReference; lastKnownFileType = sourcecode.swift; path = CustomShape.swift; sourceTree = "<group>"; };
		E8D509782B8F143100056B35 /* RatingsSizesDetailView.swift */ = {isa = PBXFileReference; lastKnownFileType = sourcecode.swift; path = RatingsSizesDetailView.swift; sourceTree = "<group>"; };
		E8D5097A2B8F21A200056B35 /* QuanityFavouriteDetailView.swift */ = {isa = PBXFileReference; lastKnownFileType = sourcecode.swift; path = QuanityFavouriteDetailView.swift; sourceTree = "<group>"; };
		E8D5097C2B8F266D00056B35 /* AddToCartDetailView.swift */ = {isa = PBXFileReference; lastKnownFileType = sourcecode.swift; path = AddToCartDetailView.swift; sourceTree = "<group>"; };
		E8D5097E2B8F2B4000056B35 /* Shop.swift */ = {isa = PBXFileReference; lastKnownFileType = sourcecode.swift; path = Shop.swift; sourceTree = "<group>"; };
/* End PBXFileReference section */

/* Begin PBXFrameworksBuildPhase section */
		E806D35E2B8C589E00016130 /* Frameworks */ = {
			isa = PBXFrameworksBuildPhase;
			buildActionMask = 2147483647;
			files = (
			);
			runOnlyForDeploymentPostprocessing = 0;
		};
/* End PBXFrameworksBuildPhase section */

/* Begin PBXGroup section */
		E806D3582B8C589E00016130 = {
			isa = PBXGroup;
			children = (
				E806D3632B8C589E00016130 /* Touchdown */,
				E806D3622B8C589E00016130 /* Products */,
			);
			sourceTree = "<group>";
		};
		E806D3622B8C589E00016130 /* Products */ = {
			isa = PBXGroup;
			children = (
				E806D3612B8C589E00016130 /* Touchdown.app */,
			);
			name = Products;
			sourceTree = "<group>";
		};
		E806D3632B8C589E00016130 /* Touchdown */ = {
			isa = PBXGroup;
			children = (
				E806D3802B8C5B5000016130 /* Model */,
				E806D37C2B8C5AE600016130 /* App */,
				E806D37D2B8C5AED00016130 /* View */,
				E806D37A2B8C593F00016130 /* Data */,
				E806D3822B8C5B6400016130 /* Utility */,
				E806D3812B8C5B5900016130 /* Extension */,
				E806D37B2B8C598700016130 /* Info.plist */,
				E806D3682B8C58A000016130 /* Assets.xcassets */,
				E806D36A2B8C58A000016130 /* Preview Content */,
			);
			path = Touchdown;
			sourceTree = "<group>";
		};
		E806D36A2B8C58A000016130 /* Preview Content */ = {
			isa = PBXGroup;
			children = (
				E806D36B2B8C58A000016130 /* Preview Assets.xcassets */,
			);
			path = "Preview Content";
			sourceTree = "<group>";
		};
		E806D37A2B8C593F00016130 /* Data */ = {
			isa = PBXGroup;
			children = (
				E806D3732B8C593800016130 /* brand.json */,
				E806D3722B8C593800016130 /* category.json */,
				E806D3742B8C593900016130 /* player.json */,
				E806D3752B8C593900016130 /* product.json */,
			);
			path = Data;
			sourceTree = "<group>";
		};
		E806D37C2B8C5AE600016130 /* App */ = {
			isa = PBXGroup;
			children = (
				E806D3642B8C589E00016130 /* TouchdownApp.swift */,
				E806D3662B8C589E00016130 /* ContentView.swift */,
				E8D5096E2B8F02F000056B35 /* ProductDetailView.swift */,
			);
			path = App;
			sourceTree = "<group>";
		};
		E806D37D2B8C5AED00016130 /* View */ = {
			isa = PBXGroup;
			children = (
				E806D37F2B8C5B4700016130 /* Home */,
				E806D37E2B8C5B3B00016130 /* Detail */,
			);
			path = View;
			sourceTree = "<group>";
		};
		E806D37E2B8C5B3B00016130 /* Detail */ = {
			isa = PBXGroup;
			children = (
				E8D509702B8F058300056B35 /* NavigationBarDetailView.swift */,
				E8D509722B8F06A300056B35 /* HeaderDetailView.swift */,
				E8D509742B8F0F2D00056B35 /* TopPartDetailView.swift */,
				E8D509782B8F143100056B35 /* RatingsSizesDetailView.swift */,
				E8D5097A2B8F21A200056B35 /* QuanityFavouriteDetailView.swift */,
				E8D5097C2B8F266D00056B35 /* AddToCartDetailView.swift */,
			);
			path = Detail;
			sourceTree = "<group>";
		};
		E806D37F2B8C5B4700016130 /* Home */ = {
			isa = PBXGroup;
			children = (
				E8D509562B8DA53800056B35 /* FeaturedItemView.swift */,
				E806D3852B8C5C5000016130 /* FooterView.swift */,
				E8D5094E2B8C79EE00056B35 /* NavigationBarView.swift */,
				E8D509502B8C89CE00056B35 /* LogoView.swift */,
				E8D509582B8DA5DD00056B35 /* FeaturedTabView.swift */,
				E8D5095C2B8DBA4100056B35 /* CategoryItemView.swift */,
				E8D5095E2B8DBC3A00056B35 /* CategoryGridView.swift */,
				E8D509602B8DBF7600056B35 /* SectionView.swift */,
				E8D509622B8DC15200056B35 /* TitleView.swift */,
				E8D509662B8DC29A00056B35 /* ProductItemView.swift */,
				E8D5096A2B8DD99800056B35 /* BrandItemView.swift */,
				E8D5096C2B8EFD5200056B35 /* BrandGridView.swift */,
			);
			path = Home;
			sourceTree = "<group>";
		};
		E806D3802B8C5B5000016130 /* Model */ = {
			isa = PBXGroup;
			children = (
				E8D509522B8DA24300056B35 /* PlayerModel.swift */,
				E8D5095A2B8DB1B800056B35 /* CategoryModel.swift */,
				E8D509642B8DC20F00056B35 /* ProductModel.swift */,
				E8D509682B8DD79C00056B35 /* BrandModel.swift */,
			);
			path = Model;
			sourceTree = "<group>";
		};
		E806D3812B8C5B5900016130 /* Extension */ = {
			isa = PBXGroup;
			children = (
				E8D509542B8DA2A000056B35 /* CodableBundleExtension.swift */,
			);
			path = Extension;
			sourceTree = "<group>";
		};
		E806D3822B8C5B6400016130 /* Utility */ = {
			isa = PBXGroup;
			children = (
				E806D3832B8C5BB400016130 /* Constent.swift */,
				E8D509762B8F12CA00056B35 /* CustomShape.swift */,
				E8D5097E2B8F2B4000056B35 /* Shop.swift */,
			);
			path = Utility;
			sourceTree = "<group>";
		};
/* End PBXGroup section */

/* Begin PBXNativeTarget section */
		E806D3602B8C589E00016130 /* Touchdown */ = {
			isa = PBXNativeTarget;
			buildConfigurationList = E806D36F2B8C58A000016130 /* Build configuration list for PBXNativeTarget "Touchdown" */;
			buildPhases = (
				E806D35D2B8C589E00016130 /* Sources */,
				E806D35E2B8C589E00016130 /* Frameworks */,
				E806D35F2B8C589E00016130 /* Resources */,
			);
			buildRules = (
			);
			dependencies = (
			);
			name = Touchdown;
			productName = Touchdown;
			productReference = E806D3612B8C589E00016130 /* Touchdown.app */;
			productType = "com.apple.product-type.application";
		};
/* End PBXNativeTarget section */

/* Begin PBXProject section */
		E806D3592B8C589E00016130 /* Project object */ = {
			isa = PBXProject;
			attributes = {
				BuildIndependentTargetsInParallel = 1;
				LastSwiftUpdateCheck = 1420;
				LastUpgradeCheck = 1420;
				TargetAttributes = {
					E806D3602B8C589E00016130 = {
						CreatedOnToolsVersion = 14.2;
					};
				};
			};
			buildConfigurationList = E806D35C2B8C589E00016130 /* Build configuration list for PBXProject "Touchdown" */;
			compatibilityVersion = "Xcode 14.0";
			developmentRegion = en;
			hasScannedForEncodings = 0;
			knownRegions = (
				en,
				Base,
			);
			mainGroup = E806D3582B8C589E00016130;
			productRefGroup = E806D3622B8C589E00016130 /* Products */;
			projectDirPath = "";
			projectRoot = "";
			targets = (
				E806D3602B8C589E00016130 /* Touchdown */,
			);
		};
/* End PBXProject section */

/* Begin PBXResourcesBuildPhase section */
		E806D35F2B8C589E00016130 /* Resources */ = {
			isa = PBXResourcesBuildPhase;
			buildActionMask = 2147483647;
			files = (
				E806D3782B8C593A00016130 /* player.json in Resources */,
				E806D3762B8C593A00016130 /* category.json in Resources */,
				E806D3772B8C593A00016130 /* brand.json in Resources */,
				E806D36C2B8C58A000016130 /* Preview Assets.xcassets in Resources */,
				E806D3692B8C58A000016130 /* Assets.xcassets in Resources */,
				E806D3792B8C593A00016130 /* product.json in Resources */,
			);
			runOnlyForDeploymentPostprocessing = 0;
		};
/* End PBXResourcesBuildPhase section */

/* Begin PBXSourcesBuildPhase section */
		E806D35D2B8C589E00016130 /* Sources */ = {
			isa = PBXSourcesBuildPhase;
			buildActionMask = 2147483647;
			files = (
				E8D509552B8DA2A000056B35 /* CodableBundleExtension.swift in Sources */,
				E8D509732B8F06A300056B35 /* HeaderDetailView.swift in Sources */,
				E8D509752B8F0F2D00056B35 /* TopPartDetailView.swift in Sources */,
				E806D3842B8C5BB400016130 /* Constent.swift in Sources */,
				E8D509512B8C89CE00056B35 /* LogoView.swift in Sources */,
				E806D3862B8C5C5000016130 /* FooterView.swift in Sources */,
				E8D509572B8DA53800056B35 /* FeaturedItemView.swift in Sources */,
				E8D509672B8DC29A00056B35 /* ProductItemView.swift in Sources */,
				E8D5097D2B8F266D00056B35 /* AddToCartDetailView.swift in Sources */,
				E8D5096D2B8EFD5200056B35 /* BrandGridView.swift in Sources */,
				E8D509792B8F143100056B35 /* RatingsSizesDetailView.swift in Sources */,
				E806D3672B8C589E00016130 /* ContentView.swift in Sources */,
				E8D5096F2B8F02F000056B35 /* ProductDetailView.swift in Sources */,
				E8D509712B8F058300056B35 /* NavigationBarDetailView.swift in Sources */,
				E806D3652B8C589E00016130 /* TouchdownApp.swift in Sources */,
				E8D5095F2B8DBC3A00056B35 /* CategoryGridView.swift in Sources */,
				E8D5095B2B8DB1B800056B35 /* CategoryModel.swift in Sources */,
				E8D5094F2B8C79EE00056B35 /* NavigationBarView.swift in Sources */,
				E8D509612B8DBF7600056B35 /* SectionView.swift in Sources */,
				E8D5096B2B8DD99800056B35 /* BrandItemView.swift in Sources */,
				E8D5095D2B8DBA4100056B35 /* CategoryItemView.swift in Sources */,
				E8D509592B8DA5DD00056B35 /* FeaturedTabView.swift in Sources */,
				E8D509772B8F12CA00056B35 /* CustomShape.swift in Sources */,
				E8D509532B8DA24300056B35 /* PlayerModel.swift in Sources */,
				E8D5097F2B8F2B4000056B35 /* Shop.swift in Sources */,
				E8D509692B8DD79C00056B35 /* BrandModel.swift in Sources */,
				E8D509632B8DC15200056B35 /* TitleView.swift in Sources */,
				E8D509652B8DC20F00056B35 /* ProductModel.swift in Sources */,
				E8D5097B2B8F21A200056B35 /* QuanityFavouriteDetailView.swift in Sources */,
			);
			runOnlyForDeploymentPostprocessing = 0;
		};
/* End PBXSourcesBuildPhase section */

/* Begin XCBuildConfiguration section */
		E806D36D2B8C58A000016130 /* Debug */ = {
			isa = XCBuildConfiguration;
			buildSettings = {
				ALWAYS_SEARCH_USER_PATHS = NO;
				CLANG_ANALYZER_NONNULL = YES;
				CLANG_ANALYZER_NUMBER_OBJECT_CONVERSION = YES_AGGRESSIVE;
				CLANG_CXX_LANGUAGE_STANDARD = "gnu++20";
				CLANG_ENABLE_MODULES = YES;
				CLANG_ENABLE_OBJC_ARC = YES;
				CLANG_ENABLE_OBJC_WEAK = YES;
				CLANG_WARN_BLOCK_CAPTURE_AUTORELEASING = YES;
				CLANG_WARN_BOOL_CONVERSION = YES;
				CLANG_WARN_COMMA = YES;
				CLANG_WARN_CONSTANT_CONVERSION = YES;
				CLANG_WARN_DEPRECATED_OBJC_IMPLEMENTATIONS = YES;
				CLANG_WARN_DIRECT_OBJC_ISA_USAGE = YES_ERROR;
				CLANG_WARN_DOCUMENTATION_COMMENTS = YES;
				CLANG_WARN_EMPTY_BODY = YES;
				CLANG_WARN_ENUM_CONVERSION = YES;
				CLANG_WARN_INFINITE_RECURSION = YES;
				CLANG_WARN_INT_CONVERSION = YES;
				CLANG_WARN_NON_LITERAL_NULL_CONVERSION = YES;
				CLANG_WARN_OBJC_IMPLICIT_RETAIN_SELF = YES;
				CLANG_WARN_OBJC_LITERAL_CONVERSION = YES;
				CLANG_WARN_OBJC_ROOT_CLASS = YES_ERROR;
				CLANG_WARN_QUOTED_INCLUDE_IN_FRAMEWORK_HEADER = YES;
				CLANG_WARN_RANGE_LOOP_ANALYSIS = YES;
				CLANG_WARN_STRICT_PROTOTYPES = YES;
				CLANG_WARN_SUSPICIOUS_MOVE = YES;
				CLANG_WARN_UNGUARDED_AVAILABILITY = YES_AGGRESSIVE;
				CLANG_WARN_UNREACHABLE_CODE = YES;
				CLANG_WARN__DUPLICATE_METHOD_MATCH = YES;
				COPY_PHASE_STRIP = NO;
				DEBUG_INFORMATION_FORMAT = dwarf;
				ENABLE_STRICT_OBJC_MSGSEND = YES;
				ENABLE_TESTABILITY = YES;
				GCC_C_LANGUAGE_STANDARD = gnu11;
				GCC_DYNAMIC_NO_PIC = NO;
				GCC_NO_COMMON_BLOCKS = YES;
				GCC_OPTIMIZATION_LEVEL = 0;
				GCC_PREPROCESSOR_DEFINITIONS = (
					"DEBUG=1",
					"$(inherited)",
				);
				GCC_WARN_64_TO_32_BIT_CONVERSION = YES;
				GCC_WARN_ABOUT_RETURN_TYPE = YES_ERROR;
				GCC_WARN_UNDECLARED_SELECTOR = YES;
				GCC_WARN_UNINITIALIZED_AUTOS = YES_AGGRESSIVE;
				GCC_WARN_UNUSED_FUNCTION = YES;
				GCC_WARN_UNUSED_VARIABLE = YES;
				IPHONEOS_DEPLOYMENT_TARGET = 16.2;
				MTL_ENABLE_DEBUG_INFO = INCLUDE_SOURCE;
				MTL_FAST_MATH = YES;
				ONLY_ACTIVE_ARCH = YES;
				SDKROOT = iphoneos;
				SWIFT_ACTIVE_COMPILATION_CONDITIONS = DEBUG;
				SWIFT_OPTIMIZATION_LEVEL = "-Onone";
			};
			name = Debug;
		};
		E806D36E2B8C58A000016130 /* Release */ = {
			isa = XCBuildConfiguration;
			buildSettings = {
				ALWAYS_SEARCH_USER_PATHS = NO;
				CLANG_ANALYZER_NONNULL = YES;
				CLANG_ANALYZER_NUMBER_OBJECT_CONVERSION = YES_AGGRESSIVE;
				CLANG_CXX_LANGUAGE_STANDARD = "gnu++20";
				CLANG_ENABLE_MODULES = YES;
				CLANG_ENABLE_OBJC_ARC = YES;
				CLANG_ENABLE_OBJC_WEAK = YES;
				CLANG_WARN_BLOCK_CAPTURE_AUTORELEASING = YES;
				CLANG_WARN_BOOL_CONVERSION = YES;
				CLANG_WARN_COMMA = YES;
				CLANG_WARN_CONSTANT_CONVERSION = YES;
				CLANG_WARN_DEPRECATED_OBJC_IMPLEMENTATIONS = YES;
				CLANG_WARN_DIRECT_OBJC_ISA_USAGE = YES_ERROR;
				CLANG_WARN_DOCUMENTATION_COMMENTS = YES;
				CLANG_WARN_EMPTY_BODY = YES;
				CLANG_WARN_ENUM_CONVERSION = YES;
				CLANG_WARN_INFINITE_RECURSION = YES;
				CLANG_WARN_INT_CONVERSION = YES;
				CLANG_WARN_NON_LITERAL_NULL_CONVERSION = YES;
				CLANG_WARN_OBJC_IMPLICIT_RETAIN_SELF = YES;
				CLANG_WARN_OBJC_LITERAL_CONVERSION = YES;
				CLANG_WARN_OBJC_ROOT_CLASS = YES_ERROR;
				CLANG_WARN_QUOTED_INCLUDE_IN_FRAMEWORK_HEADER = YES;
				CLANG_WARN_RANGE_LOOP_ANALYSIS = YES;
				CLANG_WARN_STRICT_PROTOTYPES = YES;
				CLANG_WARN_SUSPICIOUS_MOVE = YES;
				CLANG_WARN_UNGUARDED_AVAILABILITY = YES_AGGRESSIVE;
				CLANG_WARN_UNREACHABLE_CODE = YES;
				CLANG_WARN__DUPLICATE_METHOD_MATCH = YES;
				COPY_PHASE_STRIP = NO;
				DEBUG_INFORMATION_FORMAT = "dwarf-with-dsym";
				ENABLE_NS_ASSERTIONS = NO;
				ENABLE_STRICT_OBJC_MSGSEND = YES;
				GCC_C_LANGUAGE_STANDARD = gnu11;
				GCC_NO_COMMON_BLOCKS = YES;
				GCC_WARN_64_TO_32_BIT_CONVERSION = YES;
				GCC_WARN_ABOUT_RETURN_TYPE = YES_ERROR;
				GCC_WARN_UNDECLARED_SELECTOR = YES;
				GCC_WARN_UNINITIALIZED_AUTOS = YES_AGGRESSIVE;
				GCC_WARN_UNUSED_FUNCTION = YES;
				GCC_WARN_UNUSED_VARIABLE = YES;
				IPHONEOS_DEPLOYMENT_TARGET = 16.2;
				MTL_ENABLE_DEBUG_INFO = NO;
				MTL_FAST_MATH = YES;
				SDKROOT = iphoneos;
				SWIFT_COMPILATION_MODE = wholemodule;
				SWIFT_OPTIMIZATION_LEVEL = "-O";
				VALIDATE_PRODUCT = YES;
			};
			name = Release;
		};
		E806D3702B8C58A000016130 /* Debug */ = {
			isa = XCBuildConfiguration;
			buildSettings = {
				ASSETCATALOG_COMPILER_APPICON_NAME = AppIcon;
				ASSETCATALOG_COMPILER_GLOBAL_ACCENT_COLOR_NAME = AccentColor;
				CODE_SIGN_STYLE = Automatic;
				CURRENT_PROJECT_VERSION = 1;
				DEVELOPMENT_ASSET_PATHS = "\"Touchdown/Preview Content\"";
				DEVELOPMENT_TEAM = 52YSN62MCL;
				ENABLE_PREVIEWS = YES;
				GENERATE_INFOPLIST_FILE = YES;
				INFOPLIST_FILE = Touchdown/Info.plist;
				INFOPLIST_KEY_UIApplicationSceneManifest_Generation = YES;
				INFOPLIST_KEY_UIApplicationSupportsIndirectInputEvents = YES;
				INFOPLIST_KEY_UISupportedInterfaceOrientations = "UIInterfaceOrientationLandscapeLeft UIInterfaceOrientationLandscapeRight UIInterfaceOrientationPortrait";
				INFOPLIST_KEY_UISupportedInterfaceOrientations_iPad = UIInterfaceOrientationPortrait;
				INFOPLIST_KEY_UIUserInterfaceStyle = Light;
				LD_RUNPATH_SEARCH_PATHS = (
					"$(inherited)",
					"@executable_path/Frameworks",
				);
				MARKETING_VERSION = 1.0;
				PRODUCT_BUNDLE_IDENTIFIER = com.GGDol.Touchdown;
				PRODUCT_NAME = "$(TARGET_NAME)";
				SWIFT_EMIT_LOC_STRINGS = YES;
				SWIFT_VERSION = 5.0;
				TARGETED_DEVICE_FAMILY = "1,2";
			};
			name = Debug;
		};
		E806D3712B8C58A000016130 /* Release */ = {
			isa = XCBuildConfiguration;
			buildSettings = {
				ASSETCATALOG_COMPILER_APPICON_NAME = AppIcon;
				ASSETCATALOG_COMPILER_GLOBAL_ACCENT_COLOR_NAME = AccentColor;
				CODE_SIGN_STYLE = Automatic;
				CURRENT_PROJECT_VERSION = 1;
				DEVELOPMENT_ASSET_PATHS = "\"Touchdown/Preview Content\"";
				DEVELOPMENT_TEAM = 52YSN62MCL;
				ENABLE_PREVIEWS = YES;
				GENERATE_INFOPLIST_FILE = YES;
				INFOPLIST_FILE = Touchdown/Info.plist;
				INFOPLIST_KEY_UIApplicationSceneManifest_Generation = YES;
				INFOPLIST_KEY_UIApplicationSupportsIndirectInputEvents = YES;
				INFOPLIST_KEY_UISupportedInterfaceOrientations = "UIInterfaceOrientationLandscapeLeft UIInterfaceOrientationLandscapeRight UIInterfaceOrientationPortrait";
				INFOPLIST_KEY_UISupportedInterfaceOrientations_iPad = UIInterfaceOrientationPortrait;
				INFOPLIST_KEY_UIUserInterfaceStyle = Light;
				LD_RUNPATH_SEARCH_PATHS = (
					"$(inherited)",
					"@executable_path/Frameworks",
				);
				MARKETING_VERSION = 1.0;
				PRODUCT_BUNDLE_IDENTIFIER = com.GGDol.Touchdown;
				PRODUCT_NAME = "$(TARGET_NAME)";
				SWIFT_EMIT_LOC_STRINGS = YES;
				SWIFT_VERSION = 5.0;
				TARGETED_DEVICE_FAMILY = "1,2";
			};
			name = Release;
		};
/* End XCBuildConfiguration section */

/* Begin XCConfigurationList section */
		E806D35C2B8C589E00016130 /* Build configuration list for PBXProject "Touchdown" */ = {
			isa = XCConfigurationList;
			buildConfigurations = (
				E806D36D2B8C58A000016130 /* Debug */,
				E806D36E2B8C58A000016130 /* Release */,
			);
			defaultConfigurationIsVisible = 0;
			defaultConfigurationName = Release;
		};
		E806D36F2B8C58A000016130 /* Build configuration list for PBXNativeTarget "Touchdown" */ = {
			isa = XCConfigurationList;
			buildConfigurations = (
				E806D3702B8C58A000016130 /* Debug */,
				E806D3712B8C58A000016130 /* Release */,
			);
			defaultConfigurationIsVisible = 0;
			defaultConfigurationName = Release;
		};
/* End XCConfigurationList section */
	};
	rootObject = E806D3592B8C589E00016130 /* Project object */;
}
